// !$*UTF8*$!
{
	archiveVersion = 1;
	classes = {
	};
	objectVersion = 50;
	objects = {

/* Begin PBXBuildFile section */
		105AE19626539E1500418AA9 /* TKUIViewRepresentableApp.swift in Sources */ = {isa = PBXBuildFile; fileRef = 105AE19526539E1500418AA9 /* TKUIViewRepresentableApp.swift */; };
		105AE19826539E1500418AA9 /* ContentView.swift in Sources */ = {isa = PBXBuildFile; fileRef = 105AE19726539E1500418AA9 /* ContentView.swift */; };
		105AE19A26539E1600418AA9 /* Assets.xcassets in Resources */ = {isa = PBXBuildFile; fileRef = 105AE19926539E1600418AA9 /* Assets.xcassets */; };
		105AE19D26539E1600418AA9 /* Preview Assets.xcassets in Resources */ = {isa = PBXBuildFile; fileRef = 105AE19C26539E1600418AA9 /* Preview Assets.xcassets */; };
		105AE1A526539E3500418AA9 /* UIViewRepresentable.swift in Sources */ = {isa = PBXBuildFile; fileRef = 105AE1A426539E3500418AA9 /* UIViewRepresentable.swift */; };
/* End PBXBuildFile section */

/* Begin PBXFileReference section */
		105AE19226539E1500418AA9 /* TKUIViewRepresentable.app */ = {isa = PBXFileReference; explicitFileType = wrapper.application; includeInIndex = 0; path = TKUIViewRepresentable.app; sourceTree = BUILT_PRODUCTS_DIR; };
		105AE19526539E1500418AA9 /* TKUIViewRepresentableApp.swift */ = {isa = PBXFileReference; lastKnownFileType = sourcecode.swift; path = TKUIViewRepresentableApp.swift; sourceTree = "<group>"; };
		105AE19726539E1500418AA9 /* ContentView.swift */ = {isa = PBXFileReference; lastKnownFileType = sourcecode.swift; path = ContentView.swift; sourceTree = "<group>"; };
		105AE19926539E1600418AA9 /* Assets.xcassets */ = {isa = PBXFileReference; lastKnownFileType = folder.assetcatalog; path = Assets.xcassets; sourceTree = "<group>"; };
		105AE19C26539E1600418AA9 /* Preview Assets.xcassets */ = {isa = PBXFileReference; lastKnownFileType = folder.assetcatalog; path = "Preview Assets.xcassets"; sourceTree = "<group>"; };
		105AE19E26539E1600418AA9 /* Info.plist */ = {isa = PBXFileReference; lastKnownFileType = text.plist.xml; path = Info.plist; sourceTree = "<group>"; };
		105AE1A426539E3500418AA9 /* UIViewRepresentable.swift */ = {isa = PBXFileReference; lastKnownFileType = sourcecode.swift; path = UIViewRepresentable.swift; sourceTree = "<group>"; };
/* End PBXFileReference section */

/* Begin PBXFrameworksBuildPhase section */
		105AE18F26539E1500418AA9 /* Frameworks */ = {
			isa = PBXFrameworksBuildPhase;
			buildActionMask = 2147483647;
			files = (
			);
			runOnlyForDeploymentPostprocessing = 0;
		};
/* End PBXFrameworksBuildPhase section */

/* Begin PBXGroup section */
		105AE18926539E1500418AA9 = {
			isa = PBXGroup;
			children = (
				105AE19426539E1500418AA9 /* TKUIViewRepresentable */,
				105AE19326539E1500418AA9 /* Products */,
			);
			sourceTree = "<group>";
		};
		105AE19326539E1500418AA9 /* Products */ = {
			isa = PBXGroup;
			children = (
				105AE19226539E1500418AA9 /* TKUIViewRepresentable.app */,
			);
			name = Products;
			sourceTree = "<group>";
		};
		105AE19426539E1500418AA9 /* TKUIViewRepresentable */ = {
			isa = PBXGroup;
			children = (
				105AE19526539E1500418AA9 /* TKUIViewRepresentableApp.swift */,
				105AE19726539E1500418AA9 /* ContentView.swift */,
				105AE1A426539E3500418AA9 /* UIViewRepresentable.swift */,
				105AE19926539E1600418AA9 /* Assets.xcassets */,
				105AE19E26539E1600418AA9 /* Info.plist */,
				105AE19B26539E1600418AA9 /* Preview Content */,
			);
			path = TKUIViewRepresentable;
			sourceTree = "<group>";
		};
		105AE19B26539E1600418AA9 /* Preview Content */ = {
			isa = PBXGroup;
			children = (
				105AE19C26539E1600418AA9 /* Preview Assets.xcassets */,
			);
			path = "Preview Content";
			sourceTree = "<group>";
		};
/* End PBXGroup section */

/* Begin PBXNativeTarget section */
		105AE19126539E1500418AA9 /* TKUIViewRepresentable */ = {
			isa = PBXNativeTarget;
			buildConfigurationList = 105AE1A126539E1600418AA9 /* Build configuration list for PBXNativeTarget "TKUIViewRepresentable" */;
			buildPhases = (
				105AE18E26539E1500418AA9 /* Sources */,
				105AE18F26539E1500418AA9 /* Frameworks */,
				105AE19026539E1500418AA9 /* Resources */,
			);
			buildRules = (
			);
			dependencies = (
			);
			name = TKUIViewRepresentable;
			productName = TKUIViewRepresentable;
			productReference = 105AE19226539E1500418AA9 /* TKUIViewRepresentable.app */;
			productType = "com.apple.product-type.application";
		};
/* End PBXNativeTarget section */

/* Begin PBXProject section */
		105AE18A26539E1500418AA9 /* Project object */ = {
			isa = PBXProject;
			attributes = {
				LastSwiftUpdateCheck = 1250;
				LastUpgradeCheck = 1250;
				TargetAttributes = {
					105AE19126539E1500418AA9 = {
						CreatedOnToolsVersion = 12.5;
					};
				};
			};
			buildConfigurationList = 105AE18D26539E1500418AA9 /* Build configuration list for PBXProject "TKUIViewRepresentable" */;
			compatibilityVersion = "Xcode 9.3";
			developmentRegion = en;
			hasScannedForEncodings = 0;
			knownRegions = (
				en,
				Base,
			);
			mainGroup = 105AE18926539E1500418AA9;
			productRefGroup = 105AE19326539E1500418AA9 /* Products */;
			projectDirPath = "";
			projectRoot = "";
			targets = (
				105AE19126539E1500418AA9 /* TKUIViewRepresentable */,
			);
		};
/* End PBXProject section */

/* Begin PBXResourcesBuildPhase section */
		105AE19026539E1500418AA9 /* Resources */ = {
			isa = PBXResourcesBuildPhase;
			buildActionMask = 2147483647;
			files = (
				105AE19D26539E1600418AA9 /* Preview Assets.xcassets in Resources */,
				105AE19A26539E1600418AA9 /* Assets.xcassets in Resources */,
			);
			runOnlyForDeploymentPostprocessing = 0;
		};
/* End PBXResourcesBuildPhase section */

/* Begin PBXSourcesBuildPhase section */
		105AE18E26539E1500418AA9 /* Sources */ = {
			isa = PBXSourcesBuildPhase;
			buildActionMask = 2147483647;
			files = (
				105AE19826539E1500418AA9 /* ContentView.swift in Sources */,
				105AE19626539E1500418AA9 /* TKUIViewRepresentableApp.swift in Sources */,
				105AE1A526539E3500418AA9 /* UIViewRepresentable.swift in Sources */,
			);
			runOnlyForDeploymentPostprocessing = 0;
		};
/* End PBXSourcesBuildPhase section */

/* Begin XCBuildConfiguration section */
		105AE19F26539E1600418AA9 /* Debug */ = {
			isa = XCBuildConfiguration;
			buildSettings = {
				ALWAYS_SEARCH_USER_PATHS = NO;
				CLANG_ANALYZER_NONNULL = YES;
				CLANG_ANALYZER_NUMBER_OBJECT_CONVERSION = YES_AGGRESSIVE;
				CLANG_CXX_LANGUAGE_STANDARD = "gnu++14";
				CLANG_CXX_LIBRARY = "libc++";
				CLANG_ENABLE_MODULES = YES;
				CLANG_ENABLE_OBJC_ARC = YES;
				CLANG_ENABLE_OBJC_WEAK = YES;
				CLANG_WARN_BLOCK_CAPTURE_AUTORELEASING = YES;
				CLANG_WARN_BOOL_CONVERSION = YES;
				CLANG_WARN_COMMA = YES;
				CLANG_WARN_CONSTANT_CONVERSION = YES;
				CLANG_WARN_DEPRECATED_OBJC_IMPLEMENTATIONS = YES;
				CLANG_WARN_DIRECT_OBJC_ISA_USAGE = YES_ERROR;
				CLANG_WARN_DOCUMENTATION_COMMENTS = YES;
				CLANG_WARN_EMPTY_BODY = YES;
				CLANG_WARN_ENUM_CONVERSION = YES;
				CLANG_WARN_INFINITE_RECURSION = YES;
				CLANG_WARN_INT_CONVERSION = YES;
				CLANG_WARN_NON_LITERAL_NULL_CONVERSION = YES;
				CLANG_WARN_OBJC_IMPLICIT_RETAIN_SELF = YES;
				CLANG_WARN_OBJC_LITERAL_CONVERSION = YES;
				CLANG_WARN_OBJC_ROOT_CLASS = YES_ERROR;
				CLANG_WARN_QUOTED_INCLUDE_IN_FRAMEWORK_HEADER = YES;
				CLANG_WARN_RANGE_LOOP_ANALYSIS = YES;
				CLANG_WARN_STRICT_PROTOTYPES = YES;
				CLANG_WARN_SUSPICIOUS_MOVE = YES;
				CLANG_WARN_UNGUARDED_AVAILABILITY = YES_AGGRESSIVE;
				CLANG_WARN_UNREACHABLE_CODE = YES;
				CLANG_WARN__DUPLICATE_METHOD_MATCH = YES;
				COPY_PHASE_STRIP = NO;
				DEBUG_INFORMATION_FORMAT = dwarf;
				ENABLE_STRICT_OBJC_MSGSEND = YES;
				ENABLE_TESTABILITY = YES;
				GCC_C_LANGUAGE_STANDARD = gnu11;
				GCC_DYNAMIC_NO_PIC = NO;
				GCC_NO_COMMON_BLOCKS = YES;
				GCC_OPTIMIZATION_LEVEL = 0;
				GCC_PREPROCESSOR_DEFINITIONS = (
					"DEBUG=1",
					"$(inherited)",
				);
				GCC_WARN_64_TO_32_BIT_CONVERSION = YES;
				GCC_WARN_ABOUT_RETURN_TYPE = YES_ERROR;
				GCC_WARN_UNDECLARED_SELECTOR = YES;
				GCC_WARN_UNINITIALIZED_AUTOS = YES_AGGRESSIVE;
				GCC_WARN_UNUSED_FUNCTION = YES;
				GCC_WARN_UNUSED_VARIABLE = YES;
				IPHONEOS_DEPLOYMENT_TARGET = 14.5;
				MTL_ENABLE_DEBUG_INFO = INCLUDE_SOURCE;
				MTL_FAST_MATH = YES;
				ONLY_ACTIVE_ARCH = YES;
				SDKROOT = iphoneos;
				SWIFT_ACTIVE_COMPILATION_CONDITIONS = DEBUG;
				SWIFT_OPTIMIZATION_LEVEL = "-Onone";
			};
			name = Debug;
		};
		105AE1A026539E1600418AA9 /* Release */ = {
			isa = XCBuildConfiguration;
			buildSettings = {
				ALWAYS_SEARCH_USER_PATHS = NO;
				CLANG_ANALYZER_NONNULL = YES;
				CLANG_ANALYZER_NUMBER_OBJECT_CONVERSION = YES_AGGRESSIVE;
				CLANG_CXX_LANGUAGE_STANDARD = "gnu++14";
				CLANG_CXX_LIBRARY = "libc++";
				CLANG_ENABLE_MODULES = YES;
				CLANG_ENABLE_OBJC_ARC = YES;
				CLANG_ENABLE_OBJC_WEAK = YES;
				CLANG_WARN_BLOCK_CAPTURE_AUTORELEASING = YES;
				CLANG_WARN_BOOL_CONVERSION = YES;
				CLANG_WARN_COMMA = YES;
				CLANG_WARN_CONSTANT_CONVERSION = YES;
				CLANG_WARN_DEPRECATED_OBJC_IMPLEMENTATIONS = YES;
				CLANG_WARN_DIRECT_OBJC_ISA_USAGE = YES_ERROR;
				CLANG_WARN_DOCUMENTATION_COMMENTS = YES;
				CLANG_WARN_EMPTY_BODY = YES;
				CLANG_WARN_ENUM_CONVERSION = YES;
				CLANG_WARN_INFINITE_RECURSION = YES;
				CLANG_WARN_INT_CONVERSION = YES;
				CLANG_WARN_NON_LITERAL_NULL_CONVERSION = YES;
				CLANG_WARN_OBJC_IMPLICIT_RETAIN_SELF = YES;
				CLANG_WARN_OBJC_LITERAL_CONVERSION = YES;
				CLANG_WARN_OBJC_ROOT_CLASS = YES_ERROR;
				CLANG_WARN_QUOTED_INCLUDE_IN_FRAMEWORK_HEADER = YES;
				CLANG_WARN_RANGE_LOOP_ANALYSIS = YES;
				CLANG_WARN_STRICT_PROTOTYPES = YES;
				CLANG_WARN_SUSPICIOUS_MOVE = YES;
				CLANG_WARN_UNGUARDED_AVAILABILITY = YES_AGGRESSIVE;
				CLANG_WARN_UNREACHABLE_CODE = YES;
				CLANG_WARN__DUPLICATE_METHOD_MATCH = YES;
				COPY_PHASE_STRIP = NO;
				DEBUG_INFORMATION_FORMAT = "dwarf-with-dsym";
				ENABLE_NS_ASSERTIONS = NO;
				ENABLE_STRICT_OBJC_MSGSEND = YES;
				GCC_C_LANGUAGE_STANDARD = gnu11;
				GCC_NO_COMMON_BLOCKS = YES;
				GCC_WARN_64_TO_32_BIT_CONVERSION = YES;
				GCC_WARN_ABOUT_RETURN_TYPE = YES_ERROR;
				GCC_WARN_UNDECLARED_SELECTOR = YES;
				GCC_WARN_UNINITIALIZED_AUTOS = YES_AGGRESSIVE;
				GCC_WARN_UNUSED_FUNCTION = YES;
				GCC_WARN_UNUSED_VARIABLE = YES;
				IPHONEOS_DEPLOYMENT_TARGET = 14.5;
				MTL_ENABLE_DEBUG_INFO = NO;
				MTL_FAST_MATH = YES;
				SDKROOT = iphoneos;
				SWIFT_COMPILATION_MODE = wholemodule;
				SWIFT_OPTIMIZATION_LEVEL = "-O";
				VALIDATE_PRODUCT = YES;
			};
			name = Release;
		};
		105AE1A226539E1600418AA9 /* Debug */ = {
			isa = XCBuildConfiguration;
			buildSettings = {
				ASSETCATALOG_COMPILER_APPICON_NAME = AppIcon;
				ASSETCATALOG_COMPILER_GLOBAL_ACCENT_COLOR_NAME = AccentColor;
				CODE_SIGN_STYLE = Automatic;
				DEVELOPMENT_ASSET_PATHS = "\"TKUIViewRepresentable/Preview Content\"";
				DEVELOPMENT_TEAM = C4BB468227;
				ENABLE_PREVIEWS = YES;
				INFOPLIST_FILE = TKUIViewRepresentable/Info.plist;
				IPHONEOS_DEPLOYMENT_TARGET = 14.5;
				LD_RUNPATH_SEARCH_PATHS = (
					"$(inherited)",
					"@executable_path/Frameworks",
				);
				PRODUCT_BUNDLE_IDENTIFIER = com.erencelik.TKUIViewRepresentable;
				PRODUCT_NAME = "$(TARGET_NAME)";
				SWIFT_VERSION = 5.0;
				TARGETED_DEVICE_FAMILY = "1,2";
			};
			name = Debug;
		};
		105AE1A326539E1600418AA9 /* Release */ = {
			isa = XCBuildConfiguration;
			buildSettings = {
				ASSETCATALOG_COMPILER_APPICON_NAME = AppIcon;
				ASSETCATALOG_COMPILER_GLOBAL_ACCENT_COLOR_NAME = AccentColor;
				CODE_SIGN_STYLE = Automatic;
				DEVELOPMENT_ASSET_PATHS = "\"TKUIViewRepresentable/Preview Content\"";
				DEVELOPMENT_TEAM = C4BB468227;
				ENABLE_PREVIEWS = YES;
				INFOPLIST_FILE = TKUIViewRepresentable/Info.plist;
				IPHONEOS_DEPLOYMENT_TARGET = 14.5;
				LD_RUNPATH_SEARCH_PATHS = (
					"$(inherited)",
					"@executable_path/Frameworks",
				);
				PRODUCT_BUNDLE_IDENTIFIER = com.erencelik.TKUIViewRepresentable;
				PRODUCT_NAME = "$(TARGET_NAME)";
				SWIFT_VERSION = 5.0;
				TARGETED_DEVICE_FAMILY = "1,2";
			};
			name = Release;
		};
/* End XCBuildConfiguration section */

/* Begin XCConfigurationList section */
		105AE18D26539E1500418AA9 /* Build configuration list for PBXProject "TKUIViewRepresentable" */ = {
			isa = XCConfigurationList;
			buildConfigurations = (
				105AE19F26539E1600418AA9 /* Debug */,
				105AE1A026539E1600418AA9 /* Release */,
			);
			defaultConfigurationIsVisible = 0;
			defaultConfigurationName = Release;
		};
		105AE1A126539E1600418AA9 /* Build configuration list for PBXNativeTarget "TKUIViewRepresentable" */ = {
			isa = XCConfigurationList;
			buildConfigurations = (
				105AE1A226539E1600418AA9 /* Debug */,
				105AE1A326539E1600418AA9 /* Release */,
			);
			defaultConfigurationIsVisible = 0;
			defaultConfigurationName = Release;
		};
/* End XCConfigurationList section */
	};
	rootObject = 105AE18A26539E1500418AA9 /* Project object */;
}
